" Generated by vim-plug
" Sun 18 Apr 2021 01:51:10 PM CDT
" :source this file in vim to restore the snapshot
" or execute: vim -S snapshot.vim

silent! let g:plugs['alchemist.vim'].commit = '3d370d1'
silent! let g:plugs['ale'].commit = 'c21d6af'
silent! let g:plugs['ctrlp.vim'].commit = '971c4d4'
silent! let g:plugs['deoplete-clang'].commit = 'fd1d4fc'
silent! let g:plugs['deoplete-jedi'].commit = '4305891'
silent! let g:plugs['deoplete.nvim'].commit = '7935186'
silent! let g:plugs['editorconfig-vim'].commit = '047c4b4'
silent! let g:plugs['groovyindent-unix'].commit = 'd6fca57'
silent! let g:plugs['jedi-vim'].commit = '088469a'
silent! let g:plugs['neogdb.vim'].commit = 'b892677'
silent! let g:plugs['robotframework-vim'].commit = 'ab11d2e'
silent! let g:plugs['tender.vim'].commit = '25924cb'
silent! let g:plugs['tmuxline.vim'].commit = 'dd64c6b'
silent! let g:plugs['ultisnips'].commit = '66d81fc'
silent! let g:plugs['v-vim'].commit = '39491ee'
silent! let g:plugs['vader.vim'].commit = '6fff477'
silent! let g:plugs['vim-abolish'].commit = '68bc80c'
silent! let g:plugs['vim-airline'].commit = 'a262ec6'
silent! let g:plugs['vim-airline-themes'].commit = 'fa808d7'
silent! let g:plugs['vim-bracketed-paste'].commit = 'c4c639f'
silent! let g:plugs['vim-bundler'].commit = '40efd19'
silent! let g:plugs['vim-closetag'].commit = 'bd6bbc3'
silent! let g:plugs['vim-dispatch'].commit = 'fe6a343'
silent! let g:plugs['vim-easy-align'].commit = '12dd631'
silent! let g:plugs['vim-endwise'].commit = '4289889'
silent! let g:plugs['vim-fugitive'].commit = '9cba97f'
silent! let g:plugs['vim-node'].commit = 'ede0477'
silent! let g:plugs['vim-perforce'].commit = 'd1dcbe8'
silent! let g:plugs['vim-polyglot'].commit = 'cc63193c'
silent! let g:plugs['vim-prettier'].commit = 'e756465'
silent! let g:plugs['vim-projectionist'].commit = '348e070'
silent! let g:plugs['vim-rake'].commit = '34ece18'
silent! let g:plugs['vim-repeat'].commit = '24afe92'
silent! let g:plugs['vim-ripgrep'].commit = 'ec87af6'
silent! let g:plugs['vim-snippets'].commit = '24a9bf9'
silent! let g:plugs['vim-surround'].commit = 'f51a26d'
silent! let g:plugs['vim-test'].commit = 'f561946'
silent! let g:plugs['vim-unimpaired'].commit = '4afbe5e'
silent! let g:plugs['vim-wakatime'].commit = '45dfc28'
silent! let g:plugs['yang.vim'].commit = '0edaeb6'

PlugUpdate!

